
Microsoft Visual Studio Solution File, Format Version 12.00
# Visual Studio Version 17
VisualStudioVersion = 17.6.33723.286
MinimumVisualStudioVersion = 10.0.40219.1
Project("{2150E333-8FDC-42A3-9474-1A3956D46DE8}") = "Patterns", "Patterns", "{FD064E55-2218-4CD2-B578-4657258C9E57}"
EndProject
Project("{2150E333-8FDC-42A3-9474-1A3956D46DE8}") = "Singleton", "Singleton", "{03FE7262-1193-47CE-B977-F21ECAD5FCC0}"
EndProject
Project("{2150E333-8FDC-42A3-9474-1A3956D46DE8}") = "AbstractFactory", "AbstractFactory", "{14D8B429-82E2-492E-AC4F-5DFCDFC96A57}"
EndProject
Project("{2150E333-8FDC-42A3-9474-1A3956D46DE8}") = "Observer", "Observer", "{878EFDDC-D7AB-44F2-B7AB-5DA30EC1AD29}"
EndProject
Project("{2150E333-8FDC-42A3-9474-1A3956D46DE8}") = "Decorator", "Decorator", "{9D24ED72-6A03-4BED-A576-9DE23046579D}"
EndProject
Project("{2150E333-8FDC-42A3-9474-1A3956D46DE8}") = "Adapter", "Adapter", "{7E19D0BD-D08B-4D7D-8EA5-5D5D0EA8D067}"
EndProject
Project("{FAE04EC0-301F-11D3-BF4B-00C04F79EFBC}") = "AbstractFactoryDemo", "Patterns\Creational\AbstractFactory\AbstractFactoryDemo\AbstractFactoryDemo.csproj", "{C89F2183-0745-46D2-B672-5EF41BE4C8B1}"
EndProject
Project("{FAE04EC0-301F-11D3-BF4B-00C04F79EFBC}") = "AbstractFactoryTests", "Patterns\Creational\AbstractFactory\AbstractFactoryTests\AbstractFactoryTests.csproj", "{40B23F8F-3619-4D11-BE74-F85225FAFFAA}"
EndProject
Project("{FAE04EC0-301F-11D3-BF4B-00C04F79EFBC}") = "AdapterDemo", "Patterns\Structural\Adapter\AdapterDemo\AdapterDemo.csproj", "{28F698A8-BD1C-4903-85BC-1D3F978AA6C9}"
EndProject
Project("{FAE04EC0-301F-11D3-BF4B-00C04F79EFBC}") = "AdapterTests", "Patterns\Structural\Adapter\AdapterTests\AdapterTests.csproj", "{5872DADD-3FD6-4EF2-A10B-B34C2E45CDBD}"
EndProject
Project("{FAE04EC0-301F-11D3-BF4B-00C04F79EFBC}") = "DecoratorDemo", "Patterns\Structural\Decorator\DecoratorDemo\DecoratorDemo.csproj", "{0C28BB0B-0973-477A-8D0D-36BF1340F4A6}"
EndProject
Project("{FAE04EC0-301F-11D3-BF4B-00C04F79EFBC}") = "DecoratorTests", "Patterns\Structural\Decorator\DecoratorTests\DecoratorTests.csproj", "{D08F96B1-CE48-49DD-8FDC-8A6142F782E2}"
EndProject
Project("{FAE04EC0-301F-11D3-BF4B-00C04F79EFBC}") = "ObserverDemo", "Patterns\Behavioral\Observer\ObserverDemo\ObserverDemo.csproj", "{E18CC3F9-29D0-4C2D-B51B-3FCC01B0E5F5}"
EndProject
Project("{FAE04EC0-301F-11D3-BF4B-00C04F79EFBC}") = "ObserverTests", "Patterns\Behavioral\Observer\ObserverTests\ObserverTests.csproj", "{7CA8C796-F642-4AED-AF3F-8B065C5CD9B8}"
EndProject
Project("{FAE04EC0-301F-11D3-BF4B-00C04F79EFBC}") = "SingletonDemo", "Patterns\Creational\Singleton\SingletonDemo\SingletonDemo.csproj", "{F80BCEAE-EDE4-43AB-BB16-D2A3F573FAD2}"
EndProject
Project("{FAE04EC0-301F-11D3-BF4B-00C04F79EFBC}") = "SingletonTests", "Patterns\Creational\Singleton\SingletonTests\SingletonTests.csproj", "{44BC90C0-BA1E-4734-B477-83B597B20FCB}"
EndProject
Project("{FAE04EC0-301F-11D3-BF4B-00C04F79EFBC}") = "SingletonLib", "Patterns\Creational\Singleton\SingletonLib\SingletonLib.csproj", "{4CBC33BC-916B-4BA2-BD61-D9D9C3FF8EF5}"
EndProject
Project("{FAE04EC0-301F-11D3-BF4B-00C04F79EFBC}") = "ObserverLib", "Patterns\Behavioral\Observer\ObserverLib\ObserverLib.csproj", "{11640969-CC97-4C3B-87F4-B196E1B17566}"
EndProject
Project("{FAE04EC0-301F-11D3-BF4B-00C04F79EFBC}") = "DecoratorLib", "Patterns\Structural\Decorator\DecoratorLib\DecoratorLib.csproj", "{ED1FF40E-194F-4E20-8025-38DF3BD00B01}"
EndProject
Project("{FAE04EC0-301F-11D3-BF4B-00C04F79EFBC}") = "AdapterLib", "Patterns\Structural\Adapter\AdapterLib\AdapterLib.csproj", "{1428B952-7DE1-459C-A164-5C3AB328CBBB}"
EndProject
Project("{FAE04EC0-301F-11D3-BF4B-00C04F79EFBC}") = "AbstractFactoryLib", "Patterns\Creational\AbstractFactory\AbstractFactoryLib\AbstractFactoryLib.csproj", "{11A34D45-3264-4A4A-87A2-62F7C36C95DD}"
EndProject
Project("{2150E333-8FDC-42A3-9474-1A3956D46DE8}") = "Iterator", "Iterator", "{E20F51DF-D59D-44B3-8A6B-603DD19688A1}"
EndProject
Project("{2150E333-8FDC-42A3-9474-1A3956D46DE8}") = "Mediator", "Mediator", "{F5C3A526-916A-4FF5-9D20-B42D01656DD0}"
EndProject
Project("{FAE04EC0-301F-11D3-BF4B-00C04F79EFBC}") = "IteratorDemo", "Patterns\Behavioral\Iterator\IteratorDemo\IteratorDemo.csproj", "{D8DCC652-81BF-4C8F-9DD6-5E357C41573F}"
EndProject
Project("{FAE04EC0-301F-11D3-BF4B-00C04F79EFBC}") = "IteratorLib", "Patterns\Behavioral\Iterator\IteratorLib\IteratorLib.csproj", "{9E22BD5C-605B-402F-9DC9-B39D65BC00BF}"
EndProject
Project("{FAE04EC0-301F-11D3-BF4B-00C04F79EFBC}") = "IteratorTests", "Patterns\Behavioral\Iterator\IteratorTests\IteratorTests.csproj", "{B7FAA994-8303-4087-9EA2-7AA6BEC72A3A}"
EndProject
Project("{FAE04EC0-301F-11D3-BF4B-00C04F79EFBC}") = "MediatorDemo", "Patterns\Behavioral\Mediator\MediatorDemo\MediatorDemo.csproj", "{0860313F-EB68-4F87-9015-FF857E9FE2EB}"
EndProject
Project("{FAE04EC0-301F-11D3-BF4B-00C04F79EFBC}") = "MediatorLib", "Patterns\Behavioral\Mediator\MediatorLib\MediatorLib.csproj", "{2BC649DC-E80B-4222-AC1D-4645BAA0890F}"
EndProject
Project("{FAE04EC0-301F-11D3-BF4B-00C04F79EFBC}") = "MediatorTests", "Patterns\Behavioral\Mediator\MediatorTests\MediatorTests.csproj", "{35E2D8D0-9123-4F21-A81F-DA8A9B85D5CC}"
EndProject
Project("{2150E333-8FDC-42A3-9474-1A3956D46DE8}") = "IoCDI", "IoCDI", "{9467D924-833E-4B4E-BCE5-8BA694DF4CB7}"
EndProject
Project("{FAE04EC0-301F-11D3-BF4B-00C04F79EFBC}") = "IoCDIDemo", "Patterns\Architectural\IoCDI\IoCDIDemo\IoCDIDemo.csproj", "{E5D07103-A126-4FDE-9942-D03606518698}"
EndProject
Project("{FAE04EC0-301F-11D3-BF4B-00C04F79EFBC}") = "IoCDILib", "Patterns\Architectural\IoCDI\IoCDILib\IoCDILib.csproj", "{865F5FB7-6FE2-4EFB-8DAC-B4CF9D21E23D}"
EndProject
Project("{FAE04EC0-301F-11D3-BF4B-00C04F79EFBC}") = "IoCDITests", "Patterns\Architectural\IoCDI\IoCDITests\IoCDITests.csproj", "{81FFFEE4-A449-4EF1-BE64-50CB3A7A4BF1}"
EndProject
Project("{FAE04EC0-301F-11D3-BF4B-00C04F79EFBC}") = "Validator", "Validator\Validator.csproj", "{177C3649-0711-43AC-B95D-6B670EA9479E}"
EndProject
Project("{2150E333-8FDC-42A3-9474-1A3956D46DE8}") = "TemplateMethod", "TemplateMethod", "{FA9CBA97-5709-4D09-91A8-651A1D82B894}"
EndProject
Project("{FAE04EC0-301F-11D3-BF4B-00C04F79EFBC}") = "TemplateMethodLib", "Patterns\Behavioral\TemplateMethod\TemplateMethodLib\TemplateMethodLib.csproj", "{5DE93C4F-0D0D-469E-BFFF-BD9E827DE49C}"
EndProject
Project("{9A19103F-16F7-4668-BE54-9A1E7A4F7556}") = "TemplateMethodDemo", "Patterns\Behavioral\TemplateMethod\TemplateMethodDemo\TemplateMethodDemo.csproj", "{FD46E009-0C62-451C-8A3B-0AEE4AA54FC7}"
EndProject
Project("{9A19103F-16F7-4668-BE54-9A1E7A4F7556}") = "TemplateMethodTests", "Patterns\Behavioral\TemplateMethod\TemplateMethodTests\TemplateMethodTests.csproj", "{C53027F2-076D-4348-92E4-959EBDFD197E}"
EndProject
Project("{2150E333-8FDC-42A3-9474-1A3956D46DE8}") = "Builder", "Builder", "{A8F62A26-9AA3-4611-813C-5C9AF516830D}"
EndProject
Project("{FAE04EC0-301F-11D3-BF4B-00C04F79EFBC}") = "BuilderLib", "Patterns\Creational\Builder\BuilderLib\BuilderLib.csproj", "{49411862-763F-44CF-88D7-4A755E714EF0}"
EndProject
Project("{9A19103F-16F7-4668-BE54-9A1E7A4F7556}") = "BuilderDemo", "Patterns\Creational\Builder\BuilderDemo\BuilderDemo.csproj", "{627CD197-93F9-4065-B383-B06C40C0A45C}"
EndProject
Project("{9A19103F-16F7-4668-BE54-9A1E7A4F7556}") = "BuilderTests", "Patterns\Creational\Builder\BuilderTests\BuilderTests.csproj", "{4C655699-466C-4800-ADBE-E65D85F7B867}"
EndProject
Project("{2150E333-8FDC-42A3-9474-1A3956D46DE8}") = "Creational", "Creational", "{69B0B79D-2320-462C-9F9F-D3D82C2D0895}"
EndProject
Project("{2150E333-8FDC-42A3-9474-1A3956D46DE8}") = "Structural", "Structural", "{C3BD1EE4-74BB-41FF-9E59-0643799308E6}"
EndProject
Project("{2150E333-8FDC-42A3-9474-1A3956D46DE8}") = "Behavioral", "Behavioral", "{018BD461-6F98-473D-8A91-0CAC6A137016}"
EndProject
Project("{2150E333-8FDC-42A3-9474-1A3956D46DE8}") = "Architectural", "Architectural", "{4F89FCE4-0D8E-4B03-8C54-3AABE69950DC}"
EndProject
Project("{2150E333-8FDC-42A3-9474-1A3956D46DE8}") = "Prototype", "Prototype", "{DF31BEE7-5BF8-4AD6-9CF3-4E22246CA797}"
EndProject
Project("{9A19103F-16F7-4668-BE54-9A1E7A4F7556}") = "PrototypeTests", "Patterns\Creational\Prototype\PrototypeTests\PrototypeTests.csproj", "{B50DC1CD-FF89-400C-ACBC-A221736383C1}"
EndProject
Project("{FAE04EC0-301F-11D3-BF4B-00C04F79EFBC}") = "PrototypeLib", "Patterns\Creational\Prototype\PrototypeLib\PrototypeLib.csproj", "{B12693B2-BF50-4F3B-8DA2-B740E33FD444}"
EndProject
Project("{9A19103F-16F7-4668-BE54-9A1E7A4F7556}") = "PrototypeDemo", "Patterns\Creational\Prototype\PrototypeDemo\PrototypeDemo.csproj", "{FAF788C8-F115-4991-8891-735F16CE19C3}"
EndProject
Project("{2150E333-8FDC-42A3-9474-1A3956D46DE8}") = "FactoryMethod", "FactoryMethod", "{F81D800C-44CD-459D-9437-35C646D9DD9F}"
EndProject
Project("{FAE04EC0-301F-11D3-BF4B-00C04F79EFBC}") = "FactoryMethodDemo", "Patterns\Creational\FactoryMethod\FactoryMethodDemo\FactoryMethodDemo.csproj", "{39E209BC-280B-422C-B23C-C6E509C82DEB}"
EndProject
Project("{FAE04EC0-301F-11D3-BF4B-00C04F79EFBC}") = "FactoryMethodLib", "Patterns\Creational\FactoryMethod\FactoryMethodLib\FactoryMethodLib.csproj", "{F3DA4607-F93E-4277-9B86-B7D0D1F6F495}"
EndProject
Project("{FAE04EC0-301F-11D3-BF4B-00C04F79EFBC}") = "FactoryMethodTests", "Patterns\Creational\FactoryMethod\FactoryMethodTests\FactoryMethodTests.csproj", "{D008051C-87BD-48D1-A0CC-B60B72FC4E62}"
EndProject
Global
	GlobalSection(SolutionConfigurationPlatforms) = preSolution
		Debug|Any CPU = Debug|Any CPU
		Release|Any CPU = Release|Any CPU
	EndGlobalSection
	GlobalSection(ProjectConfigurationPlatforms) = postSolution
		{C89F2183-0745-46D2-B672-5EF41BE4C8B1}.Debug|Any CPU.ActiveCfg = Debug|Any CPU
		{C89F2183-0745-46D2-B672-5EF41BE4C8B1}.Debug|Any CPU.Build.0 = Debug|Any CPU
		{C89F2183-0745-46D2-B672-5EF41BE4C8B1}.Release|Any CPU.ActiveCfg = Release|Any CPU
		{C89F2183-0745-46D2-B672-5EF41BE4C8B1}.Release|Any CPU.Build.0 = Release|Any CPU
		{40B23F8F-3619-4D11-BE74-F85225FAFFAA}.Debug|Any CPU.ActiveCfg = Debug|Any CPU
		{40B23F8F-3619-4D11-BE74-F85225FAFFAA}.Debug|Any CPU.Build.0 = Debug|Any CPU
		{40B23F8F-3619-4D11-BE74-F85225FAFFAA}.Release|Any CPU.ActiveCfg = Release|Any CPU
		{40B23F8F-3619-4D11-BE74-F85225FAFFAA}.Release|Any CPU.Build.0 = Release|Any CPU
		{28F698A8-BD1C-4903-85BC-1D3F978AA6C9}.Debug|Any CPU.ActiveCfg = Debug|Any CPU
		{28F698A8-BD1C-4903-85BC-1D3F978AA6C9}.Debug|Any CPU.Build.0 = Debug|Any CPU
		{28F698A8-BD1C-4903-85BC-1D3F978AA6C9}.Release|Any CPU.ActiveCfg = Release|Any CPU
		{28F698A8-BD1C-4903-85BC-1D3F978AA6C9}.Release|Any CPU.Build.0 = Release|Any CPU
		{5872DADD-3FD6-4EF2-A10B-B34C2E45CDBD}.Debug|Any CPU.ActiveCfg = Debug|Any CPU
		{5872DADD-3FD6-4EF2-A10B-B34C2E45CDBD}.Debug|Any CPU.Build.0 = Debug|Any CPU
		{5872DADD-3FD6-4EF2-A10B-B34C2E45CDBD}.Release|Any CPU.ActiveCfg = Release|Any CPU
		{5872DADD-3FD6-4EF2-A10B-B34C2E45CDBD}.Release|Any CPU.Build.0 = Release|Any CPU
		{0C28BB0B-0973-477A-8D0D-36BF1340F4A6}.Debug|Any CPU.ActiveCfg = Debug|Any CPU
		{0C28BB0B-0973-477A-8D0D-36BF1340F4A6}.Debug|Any CPU.Build.0 = Debug|Any CPU
		{0C28BB0B-0973-477A-8D0D-36BF1340F4A6}.Release|Any CPU.ActiveCfg = Release|Any CPU
		{0C28BB0B-0973-477A-8D0D-36BF1340F4A6}.Release|Any CPU.Build.0 = Release|Any CPU
		{D08F96B1-CE48-49DD-8FDC-8A6142F782E2}.Debug|Any CPU.ActiveCfg = Debug|Any CPU
		{D08F96B1-CE48-49DD-8FDC-8A6142F782E2}.Debug|Any CPU.Build.0 = Debug|Any CPU
		{D08F96B1-CE48-49DD-8FDC-8A6142F782E2}.Release|Any CPU.ActiveCfg = Release|Any CPU
		{D08F96B1-CE48-49DD-8FDC-8A6142F782E2}.Release|Any CPU.Build.0 = Release|Any CPU
		{E18CC3F9-29D0-4C2D-B51B-3FCC01B0E5F5}.Debug|Any CPU.ActiveCfg = Debug|Any CPU
		{E18CC3F9-29D0-4C2D-B51B-3FCC01B0E5F5}.Debug|Any CPU.Build.0 = Debug|Any CPU
		{E18CC3F9-29D0-4C2D-B51B-3FCC01B0E5F5}.Release|Any CPU.ActiveCfg = Release|Any CPU
		{E18CC3F9-29D0-4C2D-B51B-3FCC01B0E5F5}.Release|Any CPU.Build.0 = Release|Any CPU
		{7CA8C796-F642-4AED-AF3F-8B065C5CD9B8}.Debug|Any CPU.ActiveCfg = Debug|Any CPU
		{7CA8C796-F642-4AED-AF3F-8B065C5CD9B8}.Debug|Any CPU.Build.0 = Debug|Any CPU
		{7CA8C796-F642-4AED-AF3F-8B065C5CD9B8}.Release|Any CPU.ActiveCfg = Release|Any CPU
		{7CA8C796-F642-4AED-AF3F-8B065C5CD9B8}.Release|Any CPU.Build.0 = Release|Any CPU
		{F80BCEAE-EDE4-43AB-BB16-D2A3F573FAD2}.Debug|Any CPU.ActiveCfg = Debug|Any CPU
		{F80BCEAE-EDE4-43AB-BB16-D2A3F573FAD2}.Debug|Any CPU.Build.0 = Debug|Any CPU
		{F80BCEAE-EDE4-43AB-BB16-D2A3F573FAD2}.Release|Any CPU.ActiveCfg = Release|Any CPU
		{F80BCEAE-EDE4-43AB-BB16-D2A3F573FAD2}.Release|Any CPU.Build.0 = Release|Any CPU
		{44BC90C0-BA1E-4734-B477-83B597B20FCB}.Debug|Any CPU.ActiveCfg = Debug|Any CPU
		{44BC90C0-BA1E-4734-B477-83B597B20FCB}.Debug|Any CPU.Build.0 = Debug|Any CPU
		{44BC90C0-BA1E-4734-B477-83B597B20FCB}.Release|Any CPU.ActiveCfg = Release|Any CPU
		{44BC90C0-BA1E-4734-B477-83B597B20FCB}.Release|Any CPU.Build.0 = Release|Any CPU
		{4CBC33BC-916B-4BA2-BD61-D9D9C3FF8EF5}.Debug|Any CPU.ActiveCfg = Debug|Any CPU
		{4CBC33BC-916B-4BA2-BD61-D9D9C3FF8EF5}.Debug|Any CPU.Build.0 = Debug|Any CPU
		{4CBC33BC-916B-4BA2-BD61-D9D9C3FF8EF5}.Release|Any CPU.ActiveCfg = Release|Any CPU
		{4CBC33BC-916B-4BA2-BD61-D9D9C3FF8EF5}.Release|Any CPU.Build.0 = Release|Any CPU
		{11640969-CC97-4C3B-87F4-B196E1B17566}.Debug|Any CPU.ActiveCfg = Debug|Any CPU
		{11640969-CC97-4C3B-87F4-B196E1B17566}.Debug|Any CPU.Build.0 = Debug|Any CPU
		{11640969-CC97-4C3B-87F4-B196E1B17566}.Release|Any CPU.ActiveCfg = Release|Any CPU
		{11640969-CC97-4C3B-87F4-B196E1B17566}.Release|Any CPU.Build.0 = Release|Any CPU
		{ED1FF40E-194F-4E20-8025-38DF3BD00B01}.Debug|Any CPU.ActiveCfg = Debug|Any CPU
		{ED1FF40E-194F-4E20-8025-38DF3BD00B01}.Debug|Any CPU.Build.0 = Debug|Any CPU
		{ED1FF40E-194F-4E20-8025-38DF3BD00B01}.Release|Any CPU.ActiveCfg = Release|Any CPU
		{ED1FF40E-194F-4E20-8025-38DF3BD00B01}.Release|Any CPU.Build.0 = Release|Any CPU
		{1428B952-7DE1-459C-A164-5C3AB328CBBB}.Debug|Any CPU.ActiveCfg = Debug|Any CPU
		{1428B952-7DE1-459C-A164-5C3AB328CBBB}.Debug|Any CPU.Build.0 = Debug|Any CPU
		{1428B952-7DE1-459C-A164-5C3AB328CBBB}.Release|Any CPU.ActiveCfg = Release|Any CPU
		{1428B952-7DE1-459C-A164-5C3AB328CBBB}.Release|Any CPU.Build.0 = Release|Any CPU
		{11A34D45-3264-4A4A-87A2-62F7C36C95DD}.Debug|Any CPU.ActiveCfg = Debug|Any CPU
		{11A34D45-3264-4A4A-87A2-62F7C36C95DD}.Debug|Any CPU.Build.0 = Debug|Any CPU
		{11A34D45-3264-4A4A-87A2-62F7C36C95DD}.Release|Any CPU.ActiveCfg = Release|Any CPU
		{11A34D45-3264-4A4A-87A2-62F7C36C95DD}.Release|Any CPU.Build.0 = Release|Any CPU
		{D8DCC652-81BF-4C8F-9DD6-5E357C41573F}.Debug|Any CPU.ActiveCfg = Debug|Any CPU
		{D8DCC652-81BF-4C8F-9DD6-5E357C41573F}.Debug|Any CPU.Build.0 = Debug|Any CPU
		{D8DCC652-81BF-4C8F-9DD6-5E357C41573F}.Release|Any CPU.ActiveCfg = Release|Any CPU
		{D8DCC652-81BF-4C8F-9DD6-5E357C41573F}.Release|Any CPU.Build.0 = Release|Any CPU
		{9E22BD5C-605B-402F-9DC9-B39D65BC00BF}.Debug|Any CPU.ActiveCfg = Debug|Any CPU
		{9E22BD5C-605B-402F-9DC9-B39D65BC00BF}.Debug|Any CPU.Build.0 = Debug|Any CPU
		{9E22BD5C-605B-402F-9DC9-B39D65BC00BF}.Release|Any CPU.ActiveCfg = Release|Any CPU
		{9E22BD5C-605B-402F-9DC9-B39D65BC00BF}.Release|Any CPU.Build.0 = Release|Any CPU
		{B7FAA994-8303-4087-9EA2-7AA6BEC72A3A}.Debug|Any CPU.ActiveCfg = Debug|Any CPU
		{B7FAA994-8303-4087-9EA2-7AA6BEC72A3A}.Debug|Any CPU.Build.0 = Debug|Any CPU
		{B7FAA994-8303-4087-9EA2-7AA6BEC72A3A}.Release|Any CPU.ActiveCfg = Release|Any CPU
		{B7FAA994-8303-4087-9EA2-7AA6BEC72A3A}.Release|Any CPU.Build.0 = Release|Any CPU
		{0860313F-EB68-4F87-9015-FF857E9FE2EB}.Debug|Any CPU.ActiveCfg = Debug|Any CPU
		{0860313F-EB68-4F87-9015-FF857E9FE2EB}.Debug|Any CPU.Build.0 = Debug|Any CPU
		{0860313F-EB68-4F87-9015-FF857E9FE2EB}.Release|Any CPU.ActiveCfg = Release|Any CPU
		{0860313F-EB68-4F87-9015-FF857E9FE2EB}.Release|Any CPU.Build.0 = Release|Any CPU
		{2BC649DC-E80B-4222-AC1D-4645BAA0890F}.Debug|Any CPU.ActiveCfg = Debug|Any CPU
		{2BC649DC-E80B-4222-AC1D-4645BAA0890F}.Debug|Any CPU.Build.0 = Debug|Any CPU
		{2BC649DC-E80B-4222-AC1D-4645BAA0890F}.Release|Any CPU.ActiveCfg = Release|Any CPU
		{2BC649DC-E80B-4222-AC1D-4645BAA0890F}.Release|Any CPU.Build.0 = Release|Any CPU
		{35E2D8D0-9123-4F21-A81F-DA8A9B85D5CC}.Debug|Any CPU.ActiveCfg = Debug|Any CPU
		{35E2D8D0-9123-4F21-A81F-DA8A9B85D5CC}.Debug|Any CPU.Build.0 = Debug|Any CPU
		{35E2D8D0-9123-4F21-A81F-DA8A9B85D5CC}.Release|Any CPU.ActiveCfg = Release|Any CPU
		{35E2D8D0-9123-4F21-A81F-DA8A9B85D5CC}.Release|Any CPU.Build.0 = Release|Any CPU
		{E5D07103-A126-4FDE-9942-D03606518698}.Debug|Any CPU.ActiveCfg = Debug|Any CPU
		{E5D07103-A126-4FDE-9942-D03606518698}.Debug|Any CPU.Build.0 = Debug|Any CPU
		{E5D07103-A126-4FDE-9942-D03606518698}.Release|Any CPU.ActiveCfg = Release|Any CPU
		{E5D07103-A126-4FDE-9942-D03606518698}.Release|Any CPU.Build.0 = Release|Any CPU
		{865F5FB7-6FE2-4EFB-8DAC-B4CF9D21E23D}.Debug|Any CPU.ActiveCfg = Debug|Any CPU
		{865F5FB7-6FE2-4EFB-8DAC-B4CF9D21E23D}.Debug|Any CPU.Build.0 = Debug|Any CPU
		{865F5FB7-6FE2-4EFB-8DAC-B4CF9D21E23D}.Release|Any CPU.ActiveCfg = Release|Any CPU
		{865F5FB7-6FE2-4EFB-8DAC-B4CF9D21E23D}.Release|Any CPU.Build.0 = Release|Any CPU
		{81FFFEE4-A449-4EF1-BE64-50CB3A7A4BF1}.Debug|Any CPU.ActiveCfg = Debug|Any CPU
		{81FFFEE4-A449-4EF1-BE64-50CB3A7A4BF1}.Debug|Any CPU.Build.0 = Debug|Any CPU
		{81FFFEE4-A449-4EF1-BE64-50CB3A7A4BF1}.Release|Any CPU.ActiveCfg = Release|Any CPU
		{81FFFEE4-A449-4EF1-BE64-50CB3A7A4BF1}.Release|Any CPU.Build.0 = Release|Any CPU
		{177C3649-0711-43AC-B95D-6B670EA9479E}.Debug|Any CPU.ActiveCfg = Debug|Any CPU
		{177C3649-0711-43AC-B95D-6B670EA9479E}.Debug|Any CPU.Build.0 = Debug|Any CPU
		{177C3649-0711-43AC-B95D-6B670EA9479E}.Release|Any CPU.ActiveCfg = Release|Any CPU
		{177C3649-0711-43AC-B95D-6B670EA9479E}.Release|Any CPU.Build.0 = Release|Any CPU
		{5DE93C4F-0D0D-469E-BFFF-BD9E827DE49C}.Debug|Any CPU.ActiveCfg = Debug|Any CPU
		{5DE93C4F-0D0D-469E-BFFF-BD9E827DE49C}.Debug|Any CPU.Build.0 = Debug|Any CPU
		{5DE93C4F-0D0D-469E-BFFF-BD9E827DE49C}.Release|Any CPU.ActiveCfg = Release|Any CPU
		{5DE93C4F-0D0D-469E-BFFF-BD9E827DE49C}.Release|Any CPU.Build.0 = Release|Any CPU
		{FD46E009-0C62-451C-8A3B-0AEE4AA54FC7}.Debug|Any CPU.ActiveCfg = Debug|Any CPU
		{FD46E009-0C62-451C-8A3B-0AEE4AA54FC7}.Debug|Any CPU.Build.0 = Debug|Any CPU
		{FD46E009-0C62-451C-8A3B-0AEE4AA54FC7}.Release|Any CPU.ActiveCfg = Release|Any CPU
		{FD46E009-0C62-451C-8A3B-0AEE4AA54FC7}.Release|Any CPU.Build.0 = Release|Any CPU
		{C53027F2-076D-4348-92E4-959EBDFD197E}.Debug|Any CPU.ActiveCfg = Debug|Any CPU
		{C53027F2-076D-4348-92E4-959EBDFD197E}.Debug|Any CPU.Build.0 = Debug|Any CPU
		{C53027F2-076D-4348-92E4-959EBDFD197E}.Release|Any CPU.ActiveCfg = Release|Any CPU
		{C53027F2-076D-4348-92E4-959EBDFD197E}.Release|Any CPU.Build.0 = Release|Any CPU
		{49411862-763F-44CF-88D7-4A755E714EF0}.Debug|Any CPU.ActiveCfg = Debug|Any CPU
		{49411862-763F-44CF-88D7-4A755E714EF0}.Debug|Any CPU.Build.0 = Debug|Any CPU
		{49411862-763F-44CF-88D7-4A755E714EF0}.Release|Any CPU.ActiveCfg = Release|Any CPU
		{49411862-763F-44CF-88D7-4A755E714EF0}.Release|Any CPU.Build.0 = Release|Any CPU
		{627CD197-93F9-4065-B383-B06C40C0A45C}.Debug|Any CPU.ActiveCfg = Debug|Any CPU
		{627CD197-93F9-4065-B383-B06C40C0A45C}.Debug|Any CPU.Build.0 = Debug|Any CPU
		{627CD197-93F9-4065-B383-B06C40C0A45C}.Release|Any CPU.ActiveCfg = Release|Any CPU
		{627CD197-93F9-4065-B383-B06C40C0A45C}.Release|Any CPU.Build.0 = Release|Any CPU
		{4C655699-466C-4800-ADBE-E65D85F7B867}.Debug|Any CPU.ActiveCfg = Debug|Any CPU
		{4C655699-466C-4800-ADBE-E65D85F7B867}.Debug|Any CPU.Build.0 = Debug|Any CPU
		{4C655699-466C-4800-ADBE-E65D85F7B867}.Release|Any CPU.ActiveCfg = Release|Any CPU
		{4C655699-466C-4800-ADBE-E65D85F7B867}.Release|Any CPU.Build.0 = Release|Any CPU
		{B50DC1CD-FF89-400C-ACBC-A221736383C1}.Debug|Any CPU.ActiveCfg = Debug|Any CPU
		{B50DC1CD-FF89-400C-ACBC-A221736383C1}.Debug|Any CPU.Build.0 = Debug|Any CPU
		{B50DC1CD-FF89-400C-ACBC-A221736383C1}.Release|Any CPU.ActiveCfg = Release|Any CPU
		{B50DC1CD-FF89-400C-ACBC-A221736383C1}.Release|Any CPU.Build.0 = Release|Any CPU
		{B12693B2-BF50-4F3B-8DA2-B740E33FD444}.Debug|Any CPU.ActiveCfg = Debug|Any CPU
		{B12693B2-BF50-4F3B-8DA2-B740E33FD444}.Debug|Any CPU.Build.0 = Debug|Any CPU
		{B12693B2-BF50-4F3B-8DA2-B740E33FD444}.Release|Any CPU.ActiveCfg = Release|Any CPU
		{B12693B2-BF50-4F3B-8DA2-B740E33FD444}.Release|Any CPU.Build.0 = Release|Any CPU
		{FAF788C8-F115-4991-8891-735F16CE19C3}.Debug|Any CPU.ActiveCfg = Debug|Any CPU
		{FAF788C8-F115-4991-8891-735F16CE19C3}.Debug|Any CPU.Build.0 = Debug|Any CPU
		{FAF788C8-F115-4991-8891-735F16CE19C3}.Release|Any CPU.ActiveCfg = Release|Any CPU
		{FAF788C8-F115-4991-8891-735F16CE19C3}.Release|Any CPU.Build.0 = Release|Any CPU
		{39E209BC-280B-422C-B23C-C6E509C82DEB}.Debug|Any CPU.ActiveCfg = Debug|Any CPU
		{39E209BC-280B-422C-B23C-C6E509C82DEB}.Debug|Any CPU.Build.0 = Debug|Any CPU
		{39E209BC-280B-422C-B23C-C6E509C82DEB}.Release|Any CPU.ActiveCfg = Release|Any CPU
		{39E209BC-280B-422C-B23C-C6E509C82DEB}.Release|Any CPU.Build.0 = Release|Any CPU
		{F3DA4607-F93E-4277-9B86-B7D0D1F6F495}.Debug|Any CPU.ActiveCfg = Debug|Any CPU
		{F3DA4607-F93E-4277-9B86-B7D0D1F6F495}.Debug|Any CPU.Build.0 = Debug|Any CPU
		{F3DA4607-F93E-4277-9B86-B7D0D1F6F495}.Release|Any CPU.ActiveCfg = Release|Any CPU
		{F3DA4607-F93E-4277-9B86-B7D0D1F6F495}.Release|Any CPU.Build.0 = Release|Any CPU
		{D008051C-87BD-48D1-A0CC-B60B72FC4E62}.Debug|Any CPU.ActiveCfg = Debug|Any CPU
		{D008051C-87BD-48D1-A0CC-B60B72FC4E62}.Debug|Any CPU.Build.0 = Debug|Any CPU
		{D008051C-87BD-48D1-A0CC-B60B72FC4E62}.Release|Any CPU.ActiveCfg = Release|Any CPU
		{D008051C-87BD-48D1-A0CC-B60B72FC4E62}.Release|Any CPU.Build.0 = Release|Any CPU
	EndGlobalSection
	GlobalSection(SolutionProperties) = preSolution
		HideSolutionNode = FALSE
	EndGlobalSection
	GlobalSection(NestedProjects) = preSolution
		{03FE7262-1193-47CE-B977-F21ECAD5FCC0} = {69B0B79D-2320-462C-9F9F-D3D82C2D0895}
		{14D8B429-82E2-492E-AC4F-5DFCDFC96A57} = {69B0B79D-2320-462C-9F9F-D3D82C2D0895}
		{878EFDDC-D7AB-44F2-B7AB-5DA30EC1AD29} = {018BD461-6F98-473D-8A91-0CAC6A137016}
		{9D24ED72-6A03-4BED-A576-9DE23046579D} = {C3BD1EE4-74BB-41FF-9E59-0643799308E6}
		{7E19D0BD-D08B-4D7D-8EA5-5D5D0EA8D067} = {C3BD1EE4-74BB-41FF-9E59-0643799308E6}
		{C89F2183-0745-46D2-B672-5EF41BE4C8B1} = {14D8B429-82E2-492E-AC4F-5DFCDFC96A57}
		{40B23F8F-3619-4D11-BE74-F85225FAFFAA} = {14D8B429-82E2-492E-AC4F-5DFCDFC96A57}
		{28F698A8-BD1C-4903-85BC-1D3F978AA6C9} = {7E19D0BD-D08B-4D7D-8EA5-5D5D0EA8D067}
		{5872DADD-3FD6-4EF2-A10B-B34C2E45CDBD} = {7E19D0BD-D08B-4D7D-8EA5-5D5D0EA8D067}
		{0C28BB0B-0973-477A-8D0D-36BF1340F4A6} = {9D24ED72-6A03-4BED-A576-9DE23046579D}
		{D08F96B1-CE48-49DD-8FDC-8A6142F782E2} = {9D24ED72-6A03-4BED-A576-9DE23046579D}
		{E18CC3F9-29D0-4C2D-B51B-3FCC01B0E5F5} = {878EFDDC-D7AB-44F2-B7AB-5DA30EC1AD29}
		{7CA8C796-F642-4AED-AF3F-8B065C5CD9B8} = {878EFDDC-D7AB-44F2-B7AB-5DA30EC1AD29}
		{F80BCEAE-EDE4-43AB-BB16-D2A3F573FAD2} = {03FE7262-1193-47CE-B977-F21ECAD5FCC0}
		{44BC90C0-BA1E-4734-B477-83B597B20FCB} = {03FE7262-1193-47CE-B977-F21ECAD5FCC0}
		{4CBC33BC-916B-4BA2-BD61-D9D9C3FF8EF5} = {03FE7262-1193-47CE-B977-F21ECAD5FCC0}
		{11640969-CC97-4C3B-87F4-B196E1B17566} = {878EFDDC-D7AB-44F2-B7AB-5DA30EC1AD29}
		{ED1FF40E-194F-4E20-8025-38DF3BD00B01} = {9D24ED72-6A03-4BED-A576-9DE23046579D}
		{1428B952-7DE1-459C-A164-5C3AB328CBBB} = {7E19D0BD-D08B-4D7D-8EA5-5D5D0EA8D067}
		{11A34D45-3264-4A4A-87A2-62F7C36C95DD} = {14D8B429-82E2-492E-AC4F-5DFCDFC96A57}
		{E20F51DF-D59D-44B3-8A6B-603DD19688A1} = {018BD461-6F98-473D-8A91-0CAC6A137016}
		{F5C3A526-916A-4FF5-9D20-B42D01656DD0} = {018BD461-6F98-473D-8A91-0CAC6A137016}
		{D8DCC652-81BF-4C8F-9DD6-5E357C41573F} = {E20F51DF-D59D-44B3-8A6B-603DD19688A1}
		{9E22BD5C-605B-402F-9DC9-B39D65BC00BF} = {E20F51DF-D59D-44B3-8A6B-603DD19688A1}
		{B7FAA994-8303-4087-9EA2-7AA6BEC72A3A} = {E20F51DF-D59D-44B3-8A6B-603DD19688A1}
		{0860313F-EB68-4F87-9015-FF857E9FE2EB} = {F5C3A526-916A-4FF5-9D20-B42D01656DD0}
		{2BC649DC-E80B-4222-AC1D-4645BAA0890F} = {F5C3A526-916A-4FF5-9D20-B42D01656DD0}
		{35E2D8D0-9123-4F21-A81F-DA8A9B85D5CC} = {F5C3A526-916A-4FF5-9D20-B42D01656DD0}
		{9467D924-833E-4B4E-BCE5-8BA694DF4CB7} = {4F89FCE4-0D8E-4B03-8C54-3AABE69950DC}
		{E5D07103-A126-4FDE-9942-D03606518698} = {9467D924-833E-4B4E-BCE5-8BA694DF4CB7}
		{865F5FB7-6FE2-4EFB-8DAC-B4CF9D21E23D} = {9467D924-833E-4B4E-BCE5-8BA694DF4CB7}
		{81FFFEE4-A449-4EF1-BE64-50CB3A7A4BF1} = {9467D924-833E-4B4E-BCE5-8BA694DF4CB7}
		{FA9CBA97-5709-4D09-91A8-651A1D82B894} = {018BD461-6F98-473D-8A91-0CAC6A137016}
		{5DE93C4F-0D0D-469E-BFFF-BD9E827DE49C} = {FA9CBA97-5709-4D09-91A8-651A1D82B894}
		{FD46E009-0C62-451C-8A3B-0AEE4AA54FC7} = {FA9CBA97-5709-4D09-91A8-651A1D82B894}
		{C53027F2-076D-4348-92E4-959EBDFD197E} = {FA9CBA97-5709-4D09-91A8-651A1D82B894}
		{A8F62A26-9AA3-4611-813C-5C9AF516830D} = {69B0B79D-2320-462C-9F9F-D3D82C2D0895}
		{49411862-763F-44CF-88D7-4A755E714EF0} = {A8F62A26-9AA3-4611-813C-5C9AF516830D}
		{627CD197-93F9-4065-B383-B06C40C0A45C} = {A8F62A26-9AA3-4611-813C-5C9AF516830D}
		{4C655699-466C-4800-ADBE-E65D85F7B867} = {A8F62A26-9AA3-4611-813C-5C9AF516830D}
		{69B0B79D-2320-462C-9F9F-D3D82C2D0895} = {FD064E55-2218-4CD2-B578-4657258C9E57}
		{C3BD1EE4-74BB-41FF-9E59-0643799308E6} = {FD064E55-2218-4CD2-B578-4657258C9E57}
		{018BD461-6F98-473D-8A91-0CAC6A137016} = {FD064E55-2218-4CD2-B578-4657258C9E57}
		{4F89FCE4-0D8E-4B03-8C54-3AABE69950DC} = {FD064E55-2218-4CD2-B578-4657258C9E57}
		{DF31BEE7-5BF8-4AD6-9CF3-4E22246CA797} = {69B0B79D-2320-462C-9F9F-D3D82C2D0895}
		{B50DC1CD-FF89-400C-ACBC-A221736383C1} = {DF31BEE7-5BF8-4AD6-9CF3-4E22246CA797}
		{B12693B2-BF50-4F3B-8DA2-B740E33FD444} = {DF31BEE7-5BF8-4AD6-9CF3-4E22246CA797}
		{FAF788C8-F115-4991-8891-735F16CE19C3} = {DF31BEE7-5BF8-4AD6-9CF3-4E22246CA797}
		{F81D800C-44CD-459D-9437-35C646D9DD9F} = {69B0B79D-2320-462C-9F9F-D3D82C2D0895}
		{39E209BC-280B-422C-B23C-C6E509C82DEB} = {F81D800C-44CD-459D-9437-35C646D9DD9F}
		{F3DA4607-F93E-4277-9B86-B7D0D1F6F495} = {F81D800C-44CD-459D-9437-35C646D9DD9F}
		{D008051C-87BD-48D1-A0CC-B60B72FC4E62} = {F81D800C-44CD-459D-9437-35C646D9DD9F}
	EndGlobalSection
	GlobalSection(ExtensibilityGlobals) = postSolution
		SolutionGuid = {8D3D92F7-766D-48BD-A87B-A70F3A2CE390}
	EndGlobalSection
EndGlobal
